
Microsoft Visual Studio Solution File, Format Version 12.00
# Visual Studio Version 16
VisualStudioVersion = 16.0.29519.181
MinimumVisualStudioVersion = 10.0.40219.1
Project("{888888A0-9F3D-457C-B088-3A5042F75D52}") = "L2_T3", "L2_T3\L2_T3.pyproj", "{BA40D8D8-3898-477F-B036-766DC995BC59}"
EndProject
Global
	GlobalSection(SolutionConfigurationPlatforms) = preSolution
		Debug|Any CPU = Debug|Any CPU
		Release|Any CPU = Release|Any CPU
	EndGlobalSection
	GlobalSection(ProjectConfigurationPlatforms) = postSolution
		{BA40D8D8-3898-477F-B036-766DC995BC59}.Debug|Any CPU.ActiveCfg = Debug|Any CPU
		{BA40D8D8-3898-477F-B036-766DC995BC59}.Release|Any CPU.ActiveCfg = Release|Any CPU
	EndGlobalSection
	GlobalSection(SolutionProperties) = preSolution
		HideSolutionNode = FALSE
	EndGlobalSection
	GlobalSection(ExtensibilityGlobals) = postSolution
		SolutionGuid = {7297AA7D-93EF-422B-8181-55DEC6143CA7}
	EndGlobalSection
EndGlobal
