
Microsoft Visual Studio Solution File, Format Version 12.00
# Visual Studio Version 16
VisualStudioVersion = 16.0.29519.181
MinimumVisualStudioVersion = 10.0.40219.1
Project("{888888A0-9F3D-457C-B088-3A5042F75D52}") = "L5_T2", "L5_T2\L5_T2.pyproj", "{D124E33E-93EF-4A8F-A5A7-872CE443C578}"
EndProject
Global
	GlobalSection(SolutionConfigurationPlatforms) = preSolution
		Debug|Any CPU = Debug|Any CPU
		Release|Any CPU = Release|Any CPU
	EndGlobalSection
	GlobalSection(ProjectConfigurationPlatforms) = postSolution
		{D124E33E-93EF-4A8F-A5A7-872CE443C578}.Debug|Any CPU.ActiveCfg = Debug|Any CPU
		{D124E33E-93EF-4A8F-A5A7-872CE443C578}.Release|Any CPU.ActiveCfg = Release|Any CPU
	EndGlobalSection
	GlobalSection(SolutionProperties) = preSolution
		HideSolutionNode = FALSE
	EndGlobalSection
	GlobalSection(ExtensibilityGlobals) = postSolution
		SolutionGuid = {35C79574-4FCA-4972-A1CE-363B5C77A25E}
	EndGlobalSection
EndGlobal
