
Microsoft Visual Studio Solution File, Format Version 12.00
# Visual Studio Version 16
VisualStudioVersion = 16.0.29519.181
MinimumVisualStudioVersion = 10.0.40219.1
Project("{888888A0-9F3D-457C-B088-3A5042F75D52}") = "L3_HW", "L3_HW\L3_HW.pyproj", "{454823AB-A582-4DA4-B8F8-076FC6D0D63E}"
EndProject
Global
	GlobalSection(SolutionConfigurationPlatforms) = preSolution
		Debug|Any CPU = Debug|Any CPU
		Release|Any CPU = Release|Any CPU
	EndGlobalSection
	GlobalSection(ProjectConfigurationPlatforms) = postSolution
		{454823AB-A582-4DA4-B8F8-076FC6D0D63E}.Debug|Any CPU.ActiveCfg = Debug|Any CPU
		{454823AB-A582-4DA4-B8F8-076FC6D0D63E}.Release|Any CPU.ActiveCfg = Release|Any CPU
	EndGlobalSection
	GlobalSection(SolutionProperties) = preSolution
		HideSolutionNode = FALSE
	EndGlobalSection
	GlobalSection(ExtensibilityGlobals) = postSolution
		SolutionGuid = {6000D78E-DFED-4829-B4B7-A1AA853EA342}
	EndGlobalSection
EndGlobal
