
Microsoft Visual Studio Solution File, Format Version 12.00
# Visual Studio Version 16
VisualStudioVersion = 16.0.29519.181
MinimumVisualStudioVersion = 10.0.40219.1
Project("{888888A0-9F3D-457C-B088-3A5042F75D52}") = "L4_T2", "L4_T2\L4_T2.pyproj", "{EF65D54F-D80E-4159-8704-0CD8B4C5184A}"
EndProject
Global
	GlobalSection(SolutionConfigurationPlatforms) = preSolution
		Debug|Any CPU = Debug|Any CPU
		Release|Any CPU = Release|Any CPU
	EndGlobalSection
	GlobalSection(ProjectConfigurationPlatforms) = postSolution
		{EF65D54F-D80E-4159-8704-0CD8B4C5184A}.Debug|Any CPU.ActiveCfg = Debug|Any CPU
		{EF65D54F-D80E-4159-8704-0CD8B4C5184A}.Release|Any CPU.ActiveCfg = Release|Any CPU
	EndGlobalSection
	GlobalSection(SolutionProperties) = preSolution
		HideSolutionNode = FALSE
	EndGlobalSection
	GlobalSection(ExtensibilityGlobals) = postSolution
		SolutionGuid = {ABFB93DA-8512-4E56-8EAA-250E2D27261A}
	EndGlobalSection
EndGlobal
