
Microsoft Visual Studio Solution File, Format Version 12.00
# Visual Studio Version 16
VisualStudioVersion = 16.0.29519.181
MinimumVisualStudioVersion = 10.0.40219.1
Project("{888888A0-9F3D-457C-B088-3A5042F75D52}") = "L5_T1", "L5_T1\L5_T1.pyproj", "{169B6C07-FEFE-4F02-AF23-F68DC3AE714F}"
EndProject
Global
	GlobalSection(SolutionConfigurationPlatforms) = preSolution
		Debug|Any CPU = Debug|Any CPU
		Release|Any CPU = Release|Any CPU
	EndGlobalSection
	GlobalSection(ProjectConfigurationPlatforms) = postSolution
		{169B6C07-FEFE-4F02-AF23-F68DC3AE714F}.Debug|Any CPU.ActiveCfg = Debug|Any CPU
		{169B6C07-FEFE-4F02-AF23-F68DC3AE714F}.Release|Any CPU.ActiveCfg = Release|Any CPU
	EndGlobalSection
	GlobalSection(SolutionProperties) = preSolution
		HideSolutionNode = FALSE
	EndGlobalSection
	GlobalSection(ExtensibilityGlobals) = postSolution
		SolutionGuid = {1A8F0202-62A0-495D-9BC2-54A880F550BD}
	EndGlobalSection
EndGlobal
